
Microsoft Visual Studio Solution File, Format Version 12.00
# Visual Studio Version 17
VisualStudioVersion = 17.12.35521.163
MinimumVisualStudioVersion = 10.0.40219.1
Project("{FAE04EC0-301F-11D3-BF4B-00C04F79EFBC}") = "ExpenseTrackerAPI", "ExpenseTrackerAPI\ExpenseTrackerAPI.csproj", "{3300A5E2-C62E-4F69-B0C0-29FACB9CA3F2}"
	ProjectSection(ProjectDependencies) = postProject
		{2E39D972-AD89-4790-9BCF-36F5A6DCABAE} = {2E39D972-AD89-4790-9BCF-36F5A6DCABAE}
		{E1ECB2BC-59C5-44A4-95C4-7A8EAFA61F1F} = {E1ECB2BC-59C5-44A4-95C4-7A8EAFA61F1F}
	EndProjectSection
EndProject
Project("{2150E333-8FDC-42A3-9474-1A3956D46DE8}") = "01 API", "01 API", "{21F2428B-412F-4820-85B4-522D2AF96EFB}"
EndProject
Project("{2150E333-8FDC-42A3-9474-1A3956D46DE8}") = "02 Business-Services", "02 Business-Services", "{CFF71385-DBA1-4E41-A69E-2157550DBF88}"
EndProject
Project("{2150E333-8FDC-42A3-9474-1A3956D46DE8}") = "03 Data", "03 Data", "{28B3641A-B5CE-458E-8F8E-61135FA42B03}"
EndProject
Project("{FAE04EC0-301F-11D3-BF4B-00C04F79EFBC}") = "Domain", "Domain\Domain.csproj", "{2E39D972-AD89-4790-9BCF-36F5A6DCABAE}"
EndProject
Project("{FAE04EC0-301F-11D3-BF4B-00C04F79EFBC}") = "Infrastructure", "Infrastructure\Infrastructure.csproj", "{1B379633-9F45-4658-94D6-CFDC48F1E315}"
	ProjectSection(ProjectDependencies) = postProject
		{2E39D972-AD89-4790-9BCF-36F5A6DCABAE} = {2E39D972-AD89-4790-9BCF-36F5A6DCABAE}
	EndProjectSection
EndProject
Project("{FAE04EC0-301F-11D3-BF4B-00C04F79EFBC}") = "Services", "Services\Services.csproj", "{E1ECB2BC-59C5-44A4-95C4-7A8EAFA61F1F}"
	ProjectSection(ProjectDependencies) = postProject
		{1B379633-9F45-4658-94D6-CFDC48F1E315} = {1B379633-9F45-4658-94D6-CFDC48F1E315}
		{2E39D972-AD89-4790-9BCF-36F5A6DCABAE} = {2E39D972-AD89-4790-9BCF-36F5A6DCABAE}
	EndProjectSection
EndProject
Global
	GlobalSection(SolutionConfigurationPlatforms) = preSolution
		Debug|Any CPU = Debug|Any CPU
		Release|Any CPU = Release|Any CPU
	EndGlobalSection
	GlobalSection(ProjectConfigurationPlatforms) = postSolution
		{3300A5E2-C62E-4F69-B0C0-29FACB9CA3F2}.Debug|Any CPU.ActiveCfg = Debug|Any CPU
		{3300A5E2-C62E-4F69-B0C0-29FACB9CA3F2}.Debug|Any CPU.Build.0 = Debug|Any CPU
		{3300A5E2-C62E-4F69-B0C0-29FACB9CA3F2}.Release|Any CPU.ActiveCfg = Release|Any CPU
		{3300A5E2-C62E-4F69-B0C0-29FACB9CA3F2}.Release|Any CPU.Build.0 = Release|Any CPU
		{2E39D972-AD89-4790-9BCF-36F5A6DCABAE}.Debug|Any CPU.ActiveCfg = Debug|Any CPU
		{2E39D972-AD89-4790-9BCF-36F5A6DCABAE}.Debug|Any CPU.Build.0 = Debug|Any CPU
		{2E39D972-AD89-4790-9BCF-36F5A6DCABAE}.Release|Any CPU.ActiveCfg = Release|Any CPU
		{2E39D972-AD89-4790-9BCF-36F5A6DCABAE}.Release|Any CPU.Build.0 = Release|Any CPU
		{1B379633-9F45-4658-94D6-CFDC48F1E315}.Debug|Any CPU.ActiveCfg = Debug|Any CPU
		{1B379633-9F45-4658-94D6-CFDC48F1E315}.Debug|Any CPU.Build.0 = Debug|Any CPU
		{1B379633-9F45-4658-94D6-CFDC48F1E315}.Release|Any CPU.ActiveCfg = Release|Any CPU
		{1B379633-9F45-4658-94D6-CFDC48F1E315}.Release|Any CPU.Build.0 = Release|Any CPU
		{E1ECB2BC-59C5-44A4-95C4-7A8EAFA61F1F}.Debug|Any CPU.ActiveCfg = Debug|Any CPU
		{E1ECB2BC-59C5-44A4-95C4-7A8EAFA61F1F}.Debug|Any CPU.Build.0 = Debug|Any CPU
		{E1ECB2BC-59C5-44A4-95C4-7A8EAFA61F1F}.Release|Any CPU.ActiveCfg = Release|Any CPU
		{E1ECB2BC-59C5-44A4-95C4-7A8EAFA61F1F}.Release|Any CPU.Build.0 = Release|Any CPU
	EndGlobalSection
	GlobalSection(SolutionProperties) = preSolution
		HideSolutionNode = FALSE
	EndGlobalSection
	GlobalSection(NestedProjects) = preSolution
		{3300A5E2-C62E-4F69-B0C0-29FACB9CA3F2} = {21F2428B-412F-4820-85B4-522D2AF96EFB}
		{2E39D972-AD89-4790-9BCF-36F5A6DCABAE} = {28B3641A-B5CE-458E-8F8E-61135FA42B03}
		{1B379633-9F45-4658-94D6-CFDC48F1E315} = {28B3641A-B5CE-458E-8F8E-61135FA42B03}
		{E1ECB2BC-59C5-44A4-95C4-7A8EAFA61F1F} = {CFF71385-DBA1-4E41-A69E-2157550DBF88}
	EndGlobalSection
EndGlobal
